
Microsoft Visual Studio Solution File, Format Version 12.00
# Visual Studio Version 17
VisualStudioVersion = 17.8.34309.116
MinimumVisualStudioVersion = 10.0.40219.1
Project("{FAE04EC0-301F-11D3-BF4B-00C04F79EFBC}") = "Demo.PrimeCalculator", "Demo.PrimeCalculator.csproj", "{B061A5BE-5923-4A1A-8E1F-8C59292FC292}"
EndProject
Global
	GlobalSection(SolutionConfigurationPlatforms) = preSolution
		Debug|Any CPU = Debug|Any CPU
		Release|Any CPU = Release|Any CPU
	EndGlobalSection
	GlobalSection(ProjectConfigurationPlatforms) = postSolution
		{B061A5BE-5923-4A1A-8E1F-8C59292FC292}.Debug|Any CPU.ActiveCfg = Debug|Any CPU
		{B061A5BE-5923-4A1A-8E1F-8C59292FC292}.Debug|Any CPU.Build.0 = Debug|Any CPU
		{B061A5BE-5923-4A1A-8E1F-8C59292FC292}.Release|Any CPU.ActiveCfg = Release|Any CPU
		{B061A5BE-5923-4A1A-8E1F-8C59292FC292}.Release|Any CPU.Build.0 = Release|Any CPU
	EndGlobalSection
	GlobalSection(SolutionProperties) = preSolution
		HideSolutionNode = FALSE
	EndGlobalSection
	GlobalSection(ExtensibilityGlobals) = postSolution
		SolutionGuid = {8BBD8867-1B38-4E2F-918B-F86B03DAD513}
	EndGlobalSection
EndGlobal
